
Microsoft Visual Studio Solution File, Format Version 12.00
# Visual Studio 15
VisualStudioVersion = 15.0.26730.16
MinimumVisualStudioVersion = 10.0.40219.1
Project("{FAE04EC0-301F-11D3-BF4B-00C04F79EFBC}") = "RandomTvShow", "RandomTvShow\RandomTvShow.csproj", "{4CCDBC12-0172-4FDB-A809-6209C8C669C1}"
EndProject
Global
	GlobalSection(SolutionConfigurationPlatforms) = preSolution
		Debug|Any CPU = Debug|Any CPU
		Release|Any CPU = Release|Any CPU
	EndGlobalSection
	GlobalSection(ProjectConfigurationPlatforms) = postSolution
		{4CCDBC12-0172-4FDB-A809-6209C8C669C1}.Debug|Any CPU.ActiveCfg = Debug|Any CPU
		{4CCDBC12-0172-4FDB-A809-6209C8C669C1}.Debug|Any CPU.Build.0 = Debug|Any CPU
		{4CCDBC12-0172-4FDB-A809-6209C8C669C1}.Release|Any CPU.ActiveCfg = Release|Any CPU
		{4CCDBC12-0172-4FDB-A809-6209C8C669C1}.Release|Any CPU.Build.0 = Release|Any CPU
	EndGlobalSection
	GlobalSection(SolutionProperties) = preSolution
		HideSolutionNode = FALSE
	EndGlobalSection
	GlobalSection(ExtensibilityGlobals) = postSolution
		SolutionGuid = {768F1C13-0C03-47F0-83B6-87A9E5C94C9E}
	EndGlobalSection
EndGlobal
